// !$*UTF8*$!
{
	archiveVersion = 1;
	classes = {
	};
	objectVersion = 46;
	objects = {

/* Begin PBXBuildFile section */
		140F19621A49D79400B0016A /* KeychainAccess.h in Headers */ = {isa = PBXBuildFile; fileRef = 140F19611A49D79400B0016A /* KeychainAccess.h */; settings = {ATTRIBUTES = (Public, ); }; };
		140F196F1A49D79500B0016A /* KeychainAccessTests.swift in Sources */ = {isa = PBXBuildFile; fileRef = 140F196E1A49D79500B0016A /* KeychainAccessTests.swift */; };
		140F197B1A49D89200B0016A /* Keychain.swift in Sources */ = {isa = PBXBuildFile; fileRef = 140F197A1A49D89200B0016A /* Keychain.swift */; };
		142EDA851BCB505F00A32149 /* ErrorTypeTests.swift in Sources */ = {isa = PBXBuildFile; fileRef = 142EDA841BCB505F00A32149 /* ErrorTypeTests.swift */; };
		142EDB041BCBB0DD00A32149 /* SharedCredentialTests.swift in Sources */ = {isa = PBXBuildFile; fileRef = 142EDB031BCBB0DD00A32149 /* SharedCredentialTests.swift */; };
		148F9D4A1BCB4118006EDF48 /* EnumTests.swift in Sources */ = {isa = PBXBuildFile; fileRef = 148F9D491BCB4118006EDF48 /* EnumTests.swift */; };
		5506E4811D186DA6000F03AF /* Keychain.swift in Sources */ = {isa = PBXBuildFile; fileRef = 140F197A1A49D89200B0016A /* Keychain.swift */; };
		5506E4841D186DA6000F03AF /* KeychainAccess.h in Headers */ = {isa = PBXBuildFile; fileRef = 140F19611A49D79400B0016A /* KeychainAccess.h */; settings = {ATTRIBUTES = (Public, ); }; };
		5506E48F1D186E12000F03AF /* KeychainAccessTests.swift in Sources */ = {isa = PBXBuildFile; fileRef = 140F196E1A49D79500B0016A /* KeychainAccessTests.swift */; };
		5506E4901D186E12000F03AF /* EnumTests.swift in Sources */ = {isa = PBXBuildFile; fileRef = 148F9D491BCB4118006EDF48 /* EnumTests.swift */; };
		5506E4911D186E12000F03AF /* ErrorTypeTests.swift in Sources */ = {isa = PBXBuildFile; fileRef = 142EDA841BCB505F00A32149 /* ErrorTypeTests.swift */; };
		5506E4921D186E12000F03AF /* SharedCredentialTests.swift in Sources */ = {isa = PBXBuildFile; fileRef = 142EDB031BCBB0DD00A32149 /* SharedCredentialTests.swift */; };
		559641F61D2451B200CB6448 /* Keychain.swift in Sources */ = {isa = PBXBuildFile; fileRef = 140F197A1A49D89200B0016A /* Keychain.swift */; };
		559641F91D2451B200CB6448 /* KeychainAccess.h in Headers */ = {isa = PBXBuildFile; fileRef = 140F19611A49D79400B0016A /* KeychainAccess.h */; settings = {ATTRIBUTES = (Public, ); }; };
		559642041D2451BA00CB6448 /* KeychainAccessTests.swift in Sources */ = {isa = PBXBuildFile; fileRef = 140F196E1A49D79500B0016A /* KeychainAccessTests.swift */; };
		559642051D2451BA00CB6448 /* EnumTests.swift in Sources */ = {isa = PBXBuildFile; fileRef = 148F9D491BCB4118006EDF48 /* EnumTests.swift */; };
		559642061D2451BA00CB6448 /* ErrorTypeTests.swift in Sources */ = {isa = PBXBuildFile; fileRef = 142EDA841BCB505F00A32149 /* ErrorTypeTests.swift */; };
		559642071D2451BA00CB6448 /* SharedCredentialTests.swift in Sources */ = {isa = PBXBuildFile; fileRef = 142EDB031BCBB0DD00A32149 /* SharedCredentialTests.swift */; };
		559642111D2451C100CB6448 /* Keychain.swift in Sources */ = {isa = PBXBuildFile; fileRef = 140F197A1A49D89200B0016A /* Keychain.swift */; };
		559642141D2451C100CB6448 /* KeychainAccess.h in Headers */ = {isa = PBXBuildFile; fileRef = 140F19611A49D79400B0016A /* KeychainAccess.h */; settings = {ATTRIBUTES = (Public, ); }; };
		5596421F1D2451C800CB6448 /* KeychainAccessTests.swift in Sources */ = {isa = PBXBuildFile; fileRef = 140F196E1A49D79500B0016A /* KeychainAccessTests.swift */; };
		559642201D2451C800CB6448 /* EnumTests.swift in Sources */ = {isa = PBXBuildFile; fileRef = 148F9D491BCB4118006EDF48 /* EnumTests.swift */; };
		559642211D2451C800CB6448 /* ErrorTypeTests.swift in Sources */ = {isa = PBXBuildFile; fileRef = 142EDA841BCB505F00A32149 /* ErrorTypeTests.swift */; };
		559642221D2451C800CB6448 /* SharedCredentialTests.swift in Sources */ = {isa = PBXBuildFile; fileRef = 142EDB031BCBB0DD00A32149 /* SharedCredentialTests.swift */; };
/* End PBXBuildFile section */

/* Begin PBXContainerItemProxy section */
		140F19691A49D79500B0016A /* PBXContainerItemProxy */ = {
			isa = PBXContainerItemProxy;
			containerPortal = 140F19531A49D79400B0016A /* Project object */;
			proxyType = 1;
			remoteGlobalIDString = 140F195B1A49D79400B0016A;
			remoteInfo = KeychainAccess;
		};
		5596422A1D2452D900CB6448 /* PBXContainerItemProxy */ = {
			isa = PBXContainerItemProxy;
			containerPortal = 140F19531A49D79400B0016A /* Project object */;
			proxyType = 1;
			remoteGlobalIDString = 5506E47F1D186DA6000F03AF;
			remoteInfo = "KeychainAccess iOS";
		};
		5596422C1D2452DF00CB6448 /* PBXContainerItemProxy */ = {
			isa = PBXContainerItemProxy;
			containerPortal = 140F19531A49D79400B0016A /* Project object */;
			proxyType = 1;
			remoteGlobalIDString = 559641F41D2451B200CB6448;
			remoteInfo = "KeychainAccess tvOS";
		};
		5596422E1D2452E300CB6448 /* PBXContainerItemProxy */ = {
			isa = PBXContainerItemProxy;
			containerPortal = 140F19531A49D79400B0016A /* Project object */;
			proxyType = 1;
			remoteGlobalIDString = 5596420F1D2451C100CB6448;
			remoteInfo = "KeychainAccess watchOS";
		};
/* End PBXContainerItemProxy section */

/* Begin PBXFileReference section */
		140F195C1A49D79400B0016A /* KeychainAccess.framework */ = {isa = PBXFileReference; explicitFileType = wrapper.framework; includeInIndex = 0; path = KeychainAccess.framework; sourceTree = BUILT_PRODUCTS_DIR; };
		140F19601A49D79400B0016A /* Info.plist */ = {isa = PBXFileReference; lastKnownFileType = text.plist.xml; path = Info.plist; sourceTree = "<group>"; };
		140F19611A49D79400B0016A /* KeychainAccess.h */ = {isa = PBXFileReference; lastKnownFileType = sourcecode.c.h; path = KeychainAccess.h; sourceTree = "<group>"; };
		140F19671A49D79500B0016A /* KeychainAccessTests OSX.xctest */ = {isa = PBXFileReference; explicitFileType = wrapper.cfbundle; includeInIndex = 0; path = "KeychainAccessTests OSX.xctest"; sourceTree = BUILT_PRODUCTS_DIR; };
		140F196D1A49D79500B0016A /* Info.plist */ = {isa = PBXFileReference; lastKnownFileType = text.plist.xml; path = Info.plist; sourceTree = "<group>"; };
		140F196E1A49D79500B0016A /* KeychainAccessTests.swift */ = {isa = PBXFileReference; lastKnownFileType = sourcecode.swift; path = KeychainAccessTests.swift; sourceTree = "<group>"; };
		140F197A1A49D89200B0016A /* Keychain.swift */ = {isa = PBXFileReference; fileEncoding = 4; lastKnownFileType = sourcecode.swift; path = Keychain.swift; sourceTree = "<group>"; };
		142EDA841BCB505F00A32149 /* ErrorTypeTests.swift */ = {isa = PBXFileReference; fileEncoding = 4; lastKnownFileType = sourcecode.swift; path = ErrorTypeTests.swift; sourceTree = "<group>"; };
		142EDB031BCBB0DD00A32149 /* SharedCredentialTests.swift */ = {isa = PBXFileReference; fileEncoding = 4; lastKnownFileType = sourcecode.swift; path = SharedCredentialTests.swift; sourceTree = "<group>"; };
		148E44E51BF9EDCB004FFEC1 /* Base.xcconfig */ = {isa = PBXFileReference; lastKnownFileType = text.xcconfig; name = Base.xcconfig; path = Configurations/Base.xcconfig; sourceTree = "<group>"; };
		148E44E61BF9EDCB004FFEC1 /* Debug.xcconfig */ = {isa = PBXFileReference; lastKnownFileType = text.xcconfig; name = Debug.xcconfig; path = Configurations/Debug.xcconfig; sourceTree = "<group>"; };
		148E44E71BF9EDCB004FFEC1 /* Release.xcconfig */ = {isa = PBXFileReference; lastKnownFileType = text.xcconfig; name = Release.xcconfig; path = Configurations/Release.xcconfig; sourceTree = "<group>"; };
		148E44E91BF9EDE4004FFEC1 /* Tests.xcconfig */ = {isa = PBXFileReference; lastKnownFileType = text.xcconfig; name = Tests.xcconfig; path = Configurations/Tests.xcconfig; sourceTree = "<group>"; };
		148E44EB1BF9EEB3004FFEC1 /* KeychainAccess.xcconfig */ = {isa = PBXFileReference; lastKnownFileType = text.xcconfig; name = KeychainAccess.xcconfig; path = Configurations/KeychainAccess.xcconfig; sourceTree = "<group>"; };
		148F9D491BCB4118006EDF48 /* EnumTests.swift */ = {isa = PBXFileReference; fileEncoding = 4; lastKnownFileType = sourcecode.swift; path = EnumTests.swift; sourceTree = "<group>"; };
		5506E4891D186DA6000F03AF /* KeychainAccess.framework */ = {isa = PBXFileReference; explicitFileType = wrapper.framework; includeInIndex = 0; path = KeychainAccess.framework; sourceTree = BUILT_PRODUCTS_DIR; };
		5506E4981D186E12000F03AF /* KeychainAccessTests iOS.xctest */ = {isa = PBXFileReference; explicitFileType = wrapper.cfbundle; includeInIndex = 0; path = "KeychainAccessTests iOS.xctest"; sourceTree = BUILT_PRODUCTS_DIR; };
		559641FE1D2451B200CB6448 /* KeychainAccess.framework */ = {isa = PBXFileReference; explicitFileType = wrapper.framework; includeInIndex = 0; path = KeychainAccess.framework; sourceTree = BUILT_PRODUCTS_DIR; };
		5596420D1D2451BA00CB6448 /* KeychainAccessTests tvOS.xctest */ = {isa = PBXFileReference; explicitFileType = wrapper.cfbundle; includeInIndex = 0; path = "KeychainAccessTests tvOS.xctest"; sourceTree = BUILT_PRODUCTS_DIR; };
		559642191D2451C100CB6448 /* KeychainAccess.framework */ = {isa = PBXFileReference; explicitFileType = wrapper.framework; includeInIndex = 0; path = KeychainAccess.framework; sourceTree = BUILT_PRODUCTS_DIR; };
		559642281D2451C800CB6448 /* KeychainAccessTests watchOS.xctest */ = {isa = PBXFileReference; explicitFileType = wrapper.cfbundle; includeInIndex = 0; path = "KeychainAccessTests watchOS.xctest"; sourceTree = BUILT_PRODUCTS_DIR; };
/* End PBXFileReference section */

/* Begin PBXFrameworksBuildPhase section */
		140F19581A49D79400B0016A /* Frameworks */ = {
			isa = PBXFrameworksBuildPhase;
			buildActionMask = 2147483647;
			files = (
			);
			runOnlyForDeploymentPostprocessing = 0;
		};
		140F19641A49D79500B0016A /* Frameworks */ = {
			isa = PBXFrameworksBuildPhase;
			buildActionMask = 2147483647;
			files = (
			);
			runOnlyForDeploymentPostprocessing = 0;
		};
		5506E4821D186DA6000F03AF /* Frameworks */ = {
			isa = PBXFrameworksBuildPhase;
			buildActionMask = 2147483647;
			files = (
			);
			runOnlyForDeploymentPostprocessing = 0;
		};
		5506E4931D186E12000F03AF /* Frameworks */ = {
			isa = PBXFrameworksBuildPhase;
			buildActionMask = 2147483647;
			files = (
			);
			runOnlyForDeploymentPostprocessing = 0;
		};
		559641F71D2451B200CB6448 /* Frameworks */ = {
			isa = PBXFrameworksBuildPhase;
			buildActionMask = 2147483647;
			files = (
			);
			runOnlyForDeploymentPostprocessing = 0;
		};
		559642081D2451BA00CB6448 /* Frameworks */ = {
			isa = PBXFrameworksBuildPhase;
			buildActionMask = 2147483647;
			files = (
			);
			runOnlyForDeploymentPostprocessing = 0;
		};
		559642121D2451C100CB6448 /* Frameworks */ = {
			isa = PBXFrameworksBuildPhase;
			buildActionMask = 2147483647;
			files = (
			);
			runOnlyForDeploymentPostprocessing = 0;
		};
		559642231D2451C800CB6448 /* Frameworks */ = {
			isa = PBXFrameworksBuildPhase;
			buildActionMask = 2147483647;
			files = (
			);
			runOnlyForDeploymentPostprocessing = 0;
		};
/* End PBXFrameworksBuildPhase section */

/* Begin PBXGroup section */
		140F19521A49D79400B0016A = {
			isa = PBXGroup;
			children = (
				140F195E1A49D79400B0016A /* KeychainAccess */,
				140F196B1A49D79500B0016A /* KeychainAccessTests */,
				148E44E41BF9ED6D004FFEC1 /* Cofigurations */,
				140F195D1A49D79400B0016A /* Products */,
			);
			sourceTree = "<group>";
		};
		140F195D1A49D79400B0016A /* Products */ = {
			isa = PBXGroup;
			children = (
				140F195C1A49D79400B0016A /* KeychainAccess.framework */,
				140F19671A49D79500B0016A /* KeychainAccessTests OSX.xctest */,
				5506E4891D186DA6000F03AF /* KeychainAccess.framework */,
				5506E4981D186E12000F03AF /* KeychainAccessTests iOS.xctest */,
				559641FE1D2451B200CB6448 /* KeychainAccess.framework */,
				5596420D1D2451BA00CB6448 /* KeychainAccessTests tvOS.xctest */,
				559642191D2451C100CB6448 /* KeychainAccess.framework */,
				559642281D2451C800CB6448 /* KeychainAccessTests watchOS.xctest */,
			);
			name = Products;
			sourceTree = "<group>";
		};
		140F195E1A49D79400B0016A /* KeychainAccess */ = {
			isa = PBXGroup;
			children = (
				140F19611A49D79400B0016A /* KeychainAccess.h */,
				140F197A1A49D89200B0016A /* Keychain.swift */,
				140F195F1A49D79400B0016A /* Supporting Files */,
			);
			path = KeychainAccess;
			sourceTree = "<group>";
		};
		140F195F1A49D79400B0016A /* Supporting Files */ = {
			isa = PBXGroup;
			children = (
				140F19601A49D79400B0016A /* Info.plist */,
			);
			name = "Supporting Files";
			sourceTree = "<group>";
		};
		140F196B1A49D79500B0016A /* KeychainAccessTests */ = {
			isa = PBXGroup;
			children = (
				140F196E1A49D79500B0016A /* KeychainAccessTests.swift */,
				148F9D491BCB4118006EDF48 /* EnumTests.swift */,
				142EDA841BCB505F00A32149 /* ErrorTypeTests.swift */,
				142EDB031BCBB0DD00A32149 /* SharedCredentialTests.swift */,
				140F196C1A49D79500B0016A /* Supporting Files */,
			);
			path = KeychainAccessTests;
			sourceTree = "<group>";
		};
		140F196C1A49D79500B0016A /* Supporting Files */ = {
			isa = PBXGroup;
			children = (
				140F196D1A49D79500B0016A /* Info.plist */,
			);
			name = "Supporting Files";
			sourceTree = "<group>";
		};
		148E44E41BF9ED6D004FFEC1 /* Cofigurations */ = {
			isa = PBXGroup;
			children = (
				148E44E51BF9EDCB004FFEC1 /* Base.xcconfig */,
				148E44E61BF9EDCB004FFEC1 /* Debug.xcconfig */,
				148E44E71BF9EDCB004FFEC1 /* Release.xcconfig */,
				148E44EB1BF9EEB3004FFEC1 /* KeychainAccess.xcconfig */,
				148E44E91BF9EDE4004FFEC1 /* Tests.xcconfig */,
			);
			name = Cofigurations;
			sourceTree = "<group>";
		};
/* End PBXGroup section */

/* Begin PBXHeadersBuildPhase section */
		140F19591A49D79400B0016A /* Headers */ = {
			isa = PBXHeadersBuildPhase;
			buildActionMask = 2147483647;
			files = (
				140F19621A49D79400B0016A /* KeychainAccess.h in Headers */,
			);
			runOnlyForDeploymentPostprocessing = 0;
		};
		5506E4831D186DA6000F03AF /* Headers */ = {
			isa = PBXHeadersBuildPhase;
			buildActionMask = 2147483647;
			files = (
				5506E4841D186DA6000F03AF /* KeychainAccess.h in Headers */,
			);
			runOnlyForDeploymentPostprocessing = 0;
		};
		559641F81D2451B200CB6448 /* Headers */ = {
			isa = PBXHeadersBuildPhase;
			buildActionMask = 2147483647;
			files = (
				559641F91D2451B200CB6448 /* KeychainAccess.h in Headers */,
			);
			runOnlyForDeploymentPostprocessing = 0;
		};
		559642131D2451C100CB6448 /* Headers */ = {
			isa = PBXHeadersBuildPhase;
			buildActionMask = 2147483647;
			files = (
				559642141D2451C100CB6448 /* KeychainAccess.h in Headers */,
			);
			runOnlyForDeploymentPostprocessing = 0;
		};
/* End PBXHeadersBuildPhase section */

/* Begin PBXNativeTarget section */
		140F195B1A49D79400B0016A /* KeychainAccess OSX */ = {
			isa = PBXNativeTarget;
			buildConfigurationList = 140F19721A49D79500B0016A /* Build configuration list for PBXNativeTarget "KeychainAccess OSX" */;
			buildPhases = (
				140F19571A49D79400B0016A /* Sources */,
				140F19581A49D79400B0016A /* Frameworks */,
				140F19591A49D79400B0016A /* Headers */,
				140F195A1A49D79400B0016A /* Resources */,
			);
			buildRules = (
			);
			dependencies = (
			);
			name = "KeychainAccess OSX";
			productName = KeychainAccess;
			productReference = 140F195C1A49D79400B0016A /* KeychainAccess.framework */;
			productType = "com.apple.product-type.framework";
		};
		140F19661A49D79500B0016A /* KeychainAccessTests OSX */ = {
			isa = PBXNativeTarget;
			buildConfigurationList = 140F19751A49D79500B0016A /* Build configuration list for PBXNativeTarget "KeychainAccessTests OSX" */;
			buildPhases = (
				140F19631A49D79500B0016A /* Sources */,
				140F19641A49D79500B0016A /* Frameworks */,
				140F19651A49D79500B0016A /* Resources */,
			);
			buildRules = (
			);
			dependencies = (
				140F196A1A49D79500B0016A /* PBXTargetDependency */,
			);
			name = "KeychainAccessTests OSX";
			productName = KeychainAccessTests;
			productReference = 140F19671A49D79500B0016A /* KeychainAccessTests OSX.xctest */;
			productType = "com.apple.product-type.bundle.unit-test";
		};
		5506E47F1D186DA6000F03AF /* KeychainAccess iOS */ = {
			isa = PBXNativeTarget;
			buildConfigurationList = 5506E4861D186DA6000F03AF /* Build configuration list for PBXNativeTarget "KeychainAccess iOS" */;
			buildPhases = (
				5506E4801D186DA6000F03AF /* Sources */,
				5506E4821D186DA6000F03AF /* Frameworks */,
				5506E4831D186DA6000F03AF /* Headers */,
				5506E4851D186DA6000F03AF /* Resources */,
			);
			buildRules = (
			);
			dependencies = (
			);
			name = "KeychainAccess iOS";
			productName = KeychainAccess;
			productReference = 5506E4891D186DA6000F03AF /* KeychainAccess.framework */;
			productType = "com.apple.product-type.framework";
		};
		5506E48B1D186E12000F03AF /* KeychainAccessTests iOS */ = {
			isa = PBXNativeTarget;
			buildConfigurationList = 5506E4951D186E12000F03AF /* Build configuration list for PBXNativeTarget "KeychainAccessTests iOS" */;
			buildPhases = (
				5506E48E1D186E12000F03AF /* Sources */,
				5506E4931D186E12000F03AF /* Frameworks */,
				5506E4941D186E12000F03AF /* Resources */,
			);
			buildRules = (
			);
			dependencies = (
				5596422B1D2452D900CB6448 /* PBXTargetDependency */,
			);
			name = "KeychainAccessTests iOS";
			productName = KeychainAccessTests;
			productReference = 5506E4981D186E12000F03AF /* KeychainAccessTests iOS.xctest */;
			productType = "com.apple.product-type.bundle.unit-test";
		};
		559641F41D2451B200CB6448 /* KeychainAccess tvOS */ = {
			isa = PBXNativeTarget;
			buildConfigurationList = 559641FB1D2451B200CB6448 /* Build configuration list for PBXNativeTarget "KeychainAccess tvOS" */;
			buildPhases = (
				559641F51D2451B200CB6448 /* Sources */,
				559641F71D2451B200CB6448 /* Frameworks */,
				559641F81D2451B200CB6448 /* Headers */,
				559641FA1D2451B200CB6448 /* Resources */,
			);
			buildRules = (
			);
			dependencies = (
			);
			name = "KeychainAccess tvOS";
			productName = KeychainAccess;
			productReference = 559641FE1D2451B200CB6448 /* KeychainAccess.framework */;
			productType = "com.apple.product-type.framework";
		};
		559642001D2451BA00CB6448 /* KeychainAccessTests tvOS */ = {
			isa = PBXNativeTarget;
			buildConfigurationList = 5596420A1D2451BA00CB6448 /* Build configuration list for PBXNativeTarget "KeychainAccessTests tvOS" */;
			buildPhases = (
				559642031D2451BA00CB6448 /* Sources */,
				559642081D2451BA00CB6448 /* Frameworks */,
				559642091D2451BA00CB6448 /* Resources */,
			);
			buildRules = (
			);
			dependencies = (
				5596422D1D2452DF00CB6448 /* PBXTargetDependency */,
			);
			name = "KeychainAccessTests tvOS";
			productName = KeychainAccessTests;
			productReference = 5596420D1D2451BA00CB6448 /* KeychainAccessTests tvOS.xctest */;
			productType = "com.apple.product-type.bundle.unit-test";
		};
		5596420F1D2451C100CB6448 /* KeychainAccess watchOS */ = {
			isa = PBXNativeTarget;
			buildConfigurationList = 559642161D2451C100CB6448 /* Build configuration list for PBXNativeTarget "KeychainAccess watchOS" */;
			buildPhases = (
				559642101D2451C100CB6448 /* Sources */,
				559642121D2451C100CB6448 /* Frameworks */,
				559642131D2451C100CB6448 /* Headers */,
				559642151D2451C100CB6448 /* Resources */,
			);
			buildRules = (
			);
			dependencies = (
			);
			name = "KeychainAccess watchOS";
			productName = KeychainAccess;
			productReference = 559642191D2451C100CB6448 /* KeychainAccess.framework */;
			productType = "com.apple.product-type.framework";
		};
		5596421B1D2451C800CB6448 /* KeychainAccessTests watchOS */ = {
			isa = PBXNativeTarget;
			buildConfigurationList = 559642251D2451C800CB6448 /* Build configuration list for PBXNativeTarget "KeychainAccessTests watchOS" */;
			buildPhases = (
				5596421E1D2451C800CB6448 /* Sources */,
				559642231D2451C800CB6448 /* Frameworks */,
				559642241D2451C800CB6448 /* Resources */,
			);
			buildRules = (
			);
			dependencies = (
				5596422F1D2452E300CB6448 /* PBXTargetDependency */,
			);
			name = "KeychainAccessTests watchOS";
			productName = KeychainAccessTests;
			productReference = 559642281D2451C800CB6448 /* KeychainAccessTests watchOS.xctest */;
			productType = "com.apple.product-type.bundle.unit-test";
		};
/* End PBXNativeTarget section */

/* Begin PBXProject section */
		140F19531A49D79400B0016A /* Project object */ = {
			isa = PBXProject;
			attributes = {
				LastSwiftUpdateCheck = 0710;
				LastUpgradeCheck = 0720;
				ORGANIZATIONNAME = "kishikawa katsumi";
				TargetAttributes = {
					140F195B1A49D79400B0016A = {
						CreatedOnToolsVersion = 6.1.1;
					};
					140F19661A49D79500B0016A = {
						CreatedOnToolsVersion = 6.1.1;
					};
				};
			};
			buildConfigurationList = 140F19561A49D79400B0016A /* Build configuration list for PBXProject "KeychainAccess" */;
			compatibilityVersion = "Xcode 3.2";
			developmentRegion = English;
			hasScannedForEncodings = 0;
			knownRegions = (
				en,
			);
			mainGroup = 140F19521A49D79400B0016A;
			productRefGroup = 140F195D1A49D79400B0016A /* Products */;
			projectDirPath = "";
			projectRoot = "";
			targets = (
				140F195B1A49D79400B0016A /* KeychainAccess OSX */,
				140F19661A49D79500B0016A /* KeychainAccessTests OSX */,
				5506E47F1D186DA6000F03AF /* KeychainAccess iOS */,
				5506E48B1D186E12000F03AF /* KeychainAccessTests iOS */,
				559641F41D2451B200CB6448 /* KeychainAccess tvOS */,
				559642001D2451BA00CB6448 /* KeychainAccessTests tvOS */,
				5596420F1D2451C100CB6448 /* KeychainAccess watchOS */,
				5596421B1D2451C800CB6448 /* KeychainAccessTests watchOS */,
			);
		};
/* End PBXProject section */

/* Begin PBXResourcesBuildPhase section */
		140F195A1A49D79400B0016A /* Resources */ = {
			isa = PBXResourcesBuildPhase;
			buildActionMask = 2147483647;
			files = (
			);
			runOnlyForDeploymentPostprocessing = 0;
		};
		140F19651A49D79500B0016A /* Resources */ = {
			isa = PBXResourcesBuildPhase;
			buildActionMask = 2147483647;
			files = (
			);
			runOnlyForDeploymentPostprocessing = 0;
		};
		5506E4851D186DA6000F03AF /* Resources */ = {
			isa = PBXResourcesBuildPhase;
			buildActionMask = 2147483647;
			files = (
			);
			runOnlyForDeploymentPostprocessing = 0;
		};
		5506E4941D186E12000F03AF /* Resources */ = {
			isa = PBXResourcesBuildPhase;
			buildActionMask = 2147483647;
			files = (
			);
			runOnlyForDeploymentPostprocessing = 0;
		};
		559641FA1D2451B200CB6448 /* Resources */ = {
			isa = PBXResourcesBuildPhase;
			buildActionMask = 2147483647;
			files = (
			);
			runOnlyForDeploymentPostprocessing = 0;
		};
		559642091D2451BA00CB6448 /* Resources */ = {
			isa = PBXResourcesBuildPhase;
			buildActionMask = 2147483647;
			files = (
			);
			runOnlyForDeploymentPostprocessing = 0;
		};
		559642151D2451C100CB6448 /* Resources */ = {
			isa = PBXResourcesBuildPhase;
			buildActionMask = 2147483647;
			files = (
			);
			runOnlyForDeploymentPostprocessing = 0;
		};
		559642241D2451C800CB6448 /* Resources */ = {
			isa = PBXResourcesBuildPhase;
			buildActionMask = 2147483647;
			files = (
			);
			runOnlyForDeploymentPostprocessing = 0;
		};
/* End PBXResourcesBuildPhase section */

/* Begin PBXSourcesBuildPhase section */
		140F19571A49D79400B0016A /* Sources */ = {
			isa = PBXSourcesBuildPhase;
			buildActionMask = 2147483647;
			files = (
				140F197B1A49D89200B0016A /* Keychain.swift in Sources */,
			);
			runOnlyForDeploymentPostprocessing = 0;
		};
		140F19631A49D79500B0016A /* Sources */ = {
			isa = PBXSourcesBuildPhase;
			buildActionMask = 2147483647;
			files = (
				140F196F1A49D79500B0016A /* KeychainAccessTests.swift in Sources */,
				148F9D4A1BCB4118006EDF48 /* EnumTests.swift in Sources */,
				142EDA851BCB505F00A32149 /* ErrorTypeTests.swift in Sources */,
				142EDB041BCBB0DD00A32149 /* SharedCredentialTests.swift in Sources */,
			);
			runOnlyForDeploymentPostprocessing = 0;
		};
		5506E4801D186DA6000F03AF /* Sources */ = {
			isa = PBXSourcesBuildPhase;
			buildActionMask = 2147483647;
			files = (
				5506E4811D186DA6000F03AF /* Keychain.swift in Sources */,
			);
			runOnlyForDeploymentPostprocessing = 0;
		};
		5506E48E1D186E12000F03AF /* Sources */ = {
			isa = PBXSourcesBuildPhase;
			buildActionMask = 2147483647;
			files = (
				5506E48F1D186E12000F03AF /* KeychainAccessTests.swift in Sources */,
				5506E4901D186E12000F03AF /* EnumTests.swift in Sources */,
				5506E4911D186E12000F03AF /* ErrorTypeTests.swift in Sources */,
				5506E4921D186E12000F03AF /* SharedCredentialTests.swift in Sources */,
			);
			runOnlyForDeploymentPostprocessing = 0;
		};
		559641F51D2451B200CB6448 /* Sources */ = {
			isa = PBXSourcesBuildPhase;
			buildActionMask = 2147483647;
			files = (
				559641F61D2451B200CB6448 /* Keychain.swift in Sources */,
			);
			runOnlyForDeploymentPostprocessing = 0;
		};
		559642031D2451BA00CB6448 /* Sources */ = {
			isa = PBXSourcesBuildPhase;
			buildActionMask = 2147483647;
			files = (
				559642041D2451BA00CB6448 /* KeychainAccessTests.swift in Sources */,
				559642051D2451BA00CB6448 /* EnumTests.swift in Sources */,
				559642061D2451BA00CB6448 /* ErrorTypeTests.swift in Sources */,
				559642071D2451BA00CB6448 /* SharedCredentialTests.swift in Sources */,
			);
			runOnlyForDeploymentPostprocessing = 0;
		};
		559642101D2451C100CB6448 /* Sources */ = {
			isa = PBXSourcesBuildPhase;
			buildActionMask = 2147483647;
			files = (
				559642111D2451C100CB6448 /* Keychain.swift in Sources */,
			);
			runOnlyForDeploymentPostprocessing = 0;
		};
		5596421E1D2451C800CB6448 /* Sources */ = {
			isa = PBXSourcesBuildPhase;
			buildActionMask = 2147483647;
			files = (
				5596421F1D2451C800CB6448 /* KeychainAccessTests.swift in Sources */,
				559642201D2451C800CB6448 /* EnumTests.swift in Sources */,
				559642211D2451C800CB6448 /* ErrorTypeTests.swift in Sources */,
				559642221D2451C800CB6448 /* SharedCredentialTests.swift in Sources */,
			);
			runOnlyForDeploymentPostprocessing = 0;
		};
/* End PBXSourcesBuildPhase section */

/* Begin PBXTargetDependency section */
		140F196A1A49D79500B0016A /* PBXTargetDependency */ = {
			isa = PBXTargetDependency;
			target = 140F195B1A49D79400B0016A /* KeychainAccess OSX */;
			targetProxy = 140F19691A49D79500B0016A /* PBXContainerItemProxy */;
		};
		5596422B1D2452D900CB6448 /* PBXTargetDependency */ = {
			isa = PBXTargetDependency;
			target = 5506E47F1D186DA6000F03AF /* KeychainAccess iOS */;
			targetProxy = 5596422A1D2452D900CB6448 /* PBXContainerItemProxy */;
		};
		5596422D1D2452DF00CB6448 /* PBXTargetDependency */ = {
			isa = PBXTargetDependency;
			target = 559641F41D2451B200CB6448 /* KeychainAccess tvOS */;
			targetProxy = 5596422C1D2452DF00CB6448 /* PBXContainerItemProxy */;
		};
		5596422F1D2452E300CB6448 /* PBXTargetDependency */ = {
			isa = PBXTargetDependency;
			target = 5596420F1D2451C100CB6448 /* KeychainAccess watchOS */;
			targetProxy = 5596422E1D2452E300CB6448 /* PBXContainerItemProxy */;
		};
/* End PBXTargetDependency section */

/* Begin XCBuildConfiguration section */
		140F19701A49D79500B0016A /* Debug */ = {
			isa = XCBuildConfiguration;
			baseConfigurationReference = 148E44E61BF9EDCB004FFEC1 /* Debug.xcconfig */;
			buildSettings = {
				SDKROOT = macosx;
			};
			name = Debug;
		};
		140F19711A49D79500B0016A /* Release */ = {
			isa = XCBuildConfiguration;
			baseConfigurationReference = 148E44E71BF9EDCB004FFEC1 /* Release.xcconfig */;
			buildSettings = {
				SDKROOT = macosx;
			};
			name = Release;
		};
		140F19731A49D79500B0016A /* Debug */ = {
			isa = XCBuildConfiguration;
			baseConfigurationReference = 148E44EB1BF9EEB3004FFEC1 /* KeychainAccess.xcconfig */;
			buildSettings = {
				SDKROOT = macosx;
				SUPPORTED_PLATFORMS = macosx;
			};
			name = Debug;
		};
		140F19741A49D79500B0016A /* Release */ = {
			isa = XCBuildConfiguration;
			baseConfigurationReference = 148E44EB1BF9EEB3004FFEC1 /* KeychainAccess.xcconfig */;
			buildSettings = {
				SDKROOT = macosx;
				SUPPORTED_PLATFORMS = macosx;
			};
			name = Release;
		};
		140F19761A49D79500B0016A /* Debug */ = {
			isa = XCBuildConfiguration;
			baseConfigurationReference = 148E44E91BF9EDE4004FFEC1 /* Tests.xcconfig */;
			buildSettings = {
				SDKROOT = macosx;
			};
			name = Debug;
		};
		140F19771A49D79500B0016A /* Release */ = {
			isa = XCBuildConfiguration;
			baseConfigurationReference = 148E44E91BF9EDE4004FFEC1 /* Tests.xcconfig */;
			buildSettings = {
				SDKROOT = macosx;
			};
			name = Release;
		};
		5506E4871D186DA6000F03AF /* Debug */ = {
			isa = XCBuildConfiguration;
			baseConfigurationReference = 148E44EB1BF9EEB3004FFEC1 /* KeychainAccess.xcconfig */;
			buildSettings = {
				INFOPLIST_FILE = KeychainAccess/Info.plist;
				PRODUCT_NAME = "$(PROJECT_NAME)";
				SDKROOT = iphoneos;
				SUPPORTED_PLATFORMS = "iphonesimulator iphoneos";
			};
			name = Debug;
		};
		5506E4881D186DA6000F03AF /* Release */ = {
			isa = XCBuildConfiguration;
			baseConfigurationReference = 148E44EB1BF9EEB3004FFEC1 /* KeychainAccess.xcconfig */;
			buildSettings = {
				INFOPLIST_FILE = KeychainAccess/Info.plist;
				PRODUCT_NAME = "$(PROJECT_NAME)";
				SDKROOT = iphoneos;
				SUPPORTED_PLATFORMS = "iphonesimulator iphoneos";
			};
			name = Release;
		};
		5506E4961D186E12000F03AF /* Debug */ = {
			isa = XCBuildConfiguration;
			baseConfigurationReference = 148E44E91BF9EDE4004FFEC1 /* Tests.xcconfig */;
			buildSettings = {
				INFOPLIST_FILE = KeychainAccessTests/Info.plist;
				PRODUCT_NAME = "$(TARGET_NAME)";
				SDKROOT = iphoneos;
				SUPPORTED_PLATFORMS = "iphonesimulator iphoneos";
			};
			name = Debug;
		};
		5506E4971D186E12000F03AF /* Release */ = {
			isa = XCBuildConfiguration;
			baseConfigurationReference = 148E44E91BF9EDE4004FFEC1 /* Tests.xcconfig */;
			buildSettings = {
				INFOPLIST_FILE = KeychainAccessTests/Info.plist;
				PRODUCT_NAME = "$(TARGET_NAME)";
				SDKROOT = iphoneos;
				SUPPORTED_PLATFORMS = "iphonesimulator iphoneos";
			};
			name = Release;
		};
		559641FC1D2451B200CB6448 /* Debug */ = {
			isa = XCBuildConfiguration;
			baseConfigurationReference = 148E44EB1BF9EEB3004FFEC1 /* KeychainAccess.xcconfig */;
			buildSettings = {
				INFOPLIST_FILE = KeychainAccess/Info.plist;
				PRODUCT_NAME = "$(PROJECT_NAME)";
				SDKROOT = appletvos;
				SUPPORTED_PLATFORMS = "appletvsimulator appletvos";
			};
			name = Debug;
		};
		559641FD1D2451B200CB6448 /* Release */ = {
			isa = XCBuildConfiguration;
			baseConfigurationReference = 148E44EB1BF9EEB3004FFEC1 /* KeychainAccess.xcconfig */;
			buildSettings = {
				INFOPLIST_FILE = KeychainAccess/Info.plist;
				PRODUCT_NAME = "$(PROJECT_NAME)";
				SDKROOT = appletvos;
				SUPPORTED_PLATFORMS = "appletvsimulator appletvos";
			};
			name = Release;
		};
		5596420B1D2451BA00CB6448 /* Debug */ = {
			isa = XCBuildConfiguration;
			baseConfigurationReference = 148E44E91BF9EDE4004FFEC1 /* Tests.xcconfig */;
			buildSettings = {
				INFOPLIST_FILE = KeychainAccessTests/Info.plist;
				PRODUCT_NAME = "$(TARGET_NAME)";
				SDKROOT = appletvos;
				SUPPORTED_PLATFORMS = "appletvsimulator appletvos";
			};
			name = Debug;
		};
		5596420C1D2451BA00CB6448 /* Release */ = {
			isa = XCBuildConfiguration;
			baseConfigurationReference = 148E44E91BF9EDE4004FFEC1 /* Tests.xcconfig */;
			buildSettings = {
				INFOPLIST_FILE = KeychainAccessTests/Info.plist;
				PRODUCT_NAME = "$(TARGET_NAME)";
				SDKROOT = appletvos;
				SUPPORTED_PLATFORMS = "appletvsimulator appletvos";
			};
			name = Release;
		};
		559642171D2451C100CB6448 /* Debug */ = {
			isa = XCBuildConfiguration;
			baseConfigurationReference = 148E44EB1BF9EEB3004FFEC1 /* KeychainAccess.xcconfig */;
			buildSettings = {
				INFOPLIST_FILE = KeychainAccess/Info.plist;
				PRODUCT_NAME = "$(PROJECT_NAME)";
				SDKROOT = watchos;
				SUPPORTED_PLATFORMS = "watchsimulator watchos";
			};
			name = Debug;
		};
		559642181D2451C100CB6448 /* Release */ = {
			isa = XCBuildConfiguration;
			baseConfigurationReference = 148E44EB1BF9EEB3004FFEC1 /* KeychainAccess.xcconfig */;
			buildSettings = {
				INFOPLIST_FILE = KeychainAccess/Info.plist;
				PRODUCT_NAME = "$(PROJECT_NAME)";
				SDKROOT = watchos;
				SUPPORTED_PLATFORMS = "watchsimulator watchos";
			};
			name = Release;
		};
		559642261D2451C800CB6448 /* Debug */ = {
			isa = XCBuildConfiguration;
			baseConfigurationReference = 148E44E91BF9EDE4004FFEC1 /* Tests.xcconfig */;
			buildSettings = {
				INFOPLIST_FILE = KeychainAccessTests/Info.plist;
				PRODUCT_NAME = "$(TARGET_NAME)";
				SDKROOT = watchos;
				SUPPORTED_PLATFORMS = "watchsimulator watchos";
			};
			name = Debug;
		};
		559642271D2451C800CB6448 /* Release */ = {
			isa = XCBuildConfiguration;
			baseConfigurationReference = 148E44E91BF9EDE4004FFEC1 /* Tests.xcconfig */;
			buildSettings = {
				INFOPLIST_FILE = KeychainAccessTests/Info.plist;
				PRODUCT_NAME = "$(TARGET_NAME)";
				SDKROOT = watchos;
				SUPPORTED_PLATFORMS = "watchsimulator watchos";
			};
			name = Release;
		};
/* End XCBuildConfiguration section */

/* Begin XCConfigurationList section */
		140F19561A49D79400B0016A /* Build configuration list for PBXProject "KeychainAccess" */ = {
			isa = XCConfigurationList;
			buildConfigurations = (
				140F19701A49D79500B0016A /* Debug */,
				140F19711A49D79500B0016A /* Release */,
			);
			defaultConfigurationIsVisible = 0;
			defaultConfigurationName = Release;
		};
		140F19721A49D79500B0016A /* Build configuration list for PBXNativeTarget "KeychainAccess OSX" */ = {
			isa = XCConfigurationList;
			buildConfigurations = (
				140F19731A49D79500B0016A /* Debug */,
				140F19741A49D79500B0016A /* Release */,
			);
			defaultConfigurationIsVisible = 0;
			defaultConfigurationName = Release;
		};
		140F19751A49D79500B0016A /* Build configuration list for PBXNativeTarget "KeychainAccessTests OSX" */ = {
			isa = XCConfigurationList;
			buildConfigurations = (
				140F19761A49D79500B0016A /* Debug */,
				140F19771A49D79500B0016A /* Release */,
			);
			defaultConfigurationIsVisible = 0;
			defaultConfigurationName = Release;
		};
		5506E4861D186DA6000F03AF /* Build configuration list for PBXNativeTarget "KeychainAccess iOS" */ = {
			isa = XCConfigurationList;
			buildConfigurations = (
				5506E4871D186DA6000F03AF /* Debug */,
				5506E4881D186DA6000F03AF /* Release */,
			);
			defaultConfigurationIsVisible = 0;
			defaultConfigurationName = Release;
		};
		5506E4951D186E12000F03AF /* Build configuration list for PBXNativeTarget "KeychainAccessTests iOS" */ = {
			isa = XCConfigurationList;
			buildConfigurations = (
				5506E4961D186E12000F03AF /* Debug */,
				5506E4971D186E12000F03AF /* Release */,
			);
			defaultConfigurationIsVisible = 0;
			defaultConfigurationName = Release;
		};
		559641FB1D2451B200CB6448 /* Build configuration list for PBXNativeTarget "KeychainAccess tvOS" */ = {
			isa = XCConfigurationList;
			buildConfigurations = (
				559641FC1D2451B200CB6448 /* Debug */,
				559641FD1D2451B200CB6448 /* Release */,
			);
			defaultConfigurationIsVisible = 0;
			defaultConfigurationName = Release;
		};
		5596420A1D2451BA00CB6448 /* Build configuration list for PBXNativeTarget "KeychainAccessTests tvOS" */ = {
			isa = XCConfigurationList;
			buildConfigurations = (
				5596420B1D2451BA00CB6448 /* Debug */,
				5596420C1D2451BA00CB6448 /* Release */,
			);
			defaultConfigurationIsVisible = 0;
			defaultConfigurationName = Release;
		};
		559642161D2451C100CB6448 /* Build configuration list for PBXNativeTarget "KeychainAccess watchOS" */ = {
			isa = XCConfigurationList;
			buildConfigurations = (
				559642171D2451C100CB6448 /* Debug */,
				559642181D2451C100CB6448 /* Release */,
			);
			defaultConfigurationIsVisible = 0;
			defaultConfigurationName = Release;
		};
		559642251D2451C800CB6448 /* Build configuration list for PBXNativeTarget "KeychainAccessTests watchOS" */ = {
			isa = XCConfigurationList;
			buildConfigurations = (
				559642261D2451C800CB6448 /* Debug */,
				559642271D2451C800CB6448 /* Release */,
			);
			defaultConfigurationIsVisible = 0;
			defaultConfigurationName = Release;
		};
/* End XCConfigurationList section */
	};
	rootObject = 140F19531A49D79400B0016A /* Project object */;
}
